
Microsoft Visual Studio Solution File, Format Version 12.00
Project("{FAE04EC0-301F-11D3-BF4B-00C04F79EFBC}") = "BlazorApp1", "BlazorApp1\BlazorApp1.csproj", "{D3803D80-A835-4D41-9FB3-1D6BF20CDD31}"
EndProject
Global
	GlobalSection(SolutionConfigurationPlatforms) = preSolution
		Debug|Any CPU = Debug|Any CPU
		Release|Any CPU = Release|Any CPU
	EndGlobalSection
	GlobalSection(ProjectConfigurationPlatforms) = postSolution
		{D3803D80-A835-4D41-9FB3-1D6BF20CDD31}.Debug|Any CPU.ActiveCfg = Debug|Any CPU
		{D3803D80-A835-4D41-9FB3-1D6BF20CDD31}.Debug|Any CPU.Build.0 = Debug|Any CPU
		{D3803D80-A835-4D41-9FB3-1D6BF20CDD31}.Release|Any CPU.ActiveCfg = Release|Any CPU
		{D3803D80-A835-4D41-9FB3-1D6BF20CDD31}.Release|Any CPU.Build.0 = Release|Any CPU
	EndGlobalSection
EndGlobal
